{
  "lockfileVersion": 1,
  "configVersion": 1,
  "workspaces": {
    "": {
      "name": "k8sops",
      "dependencies": {
        "@openai/codex-sdk": "^0.142.4",
        "dotenv": "^16.6.1",
        "js-yaml": "^4.1.0",
      },
      "devDependencies": {
        "@types/bun": "^1.2.15",
        "@types/js-yaml": "^4.0.9",
        "typescript": "^5.9.2",
      },
    },
  },
  "packages": {
    "@openai/codex": ["@openai/codex@0.142.4", "https://registry.npmmirror.com/@openai/codex/-/codex-0.142.4.tgz", { "optionalDependencies": { "@openai/codex-darwin-arm64": "npm:@openai/codex@0.142.4-darwin-arm64", "@openai/codex-darwin-x64": "npm:@openai/codex@0.142.4-darwin-x64", "@openai/codex-linux-arm64": "npm:@openai/codex@0.142.4-linux-arm64", "@openai/codex-linux-x64": "npm:@openai/codex@0.142.4-linux-x64", "@openai/codex-win32-arm64": "npm:@openai/codex@0.142.4-win32-arm64", "@openai/codex-win32-x64": "npm:@openai/codex@0.142.4-win32-x64" }, "bin": { "codex": "bin/codex.js" } }, "sha512-BW9+3Cs7tChgkc0QhUsZIDm6XgpSDSeJkljRSHhJZqDwlaxDnNVhRP/sZwhgrTn3f2jPn3jc4WTKfLOTk+g5pA=="],

    "@openai/codex-darwin-arm64": ["@openai/codex@0.142.4-darwin-arm64", "https://registry.npmmirror.com/@openai/codex/-/codex-0.142.4-darwin-arm64.tgz", { "os": "darwin", "cpu": "arm64" }, "sha512-CfXp5jilBOxD8zLuG6Nk7w5ZPP3roE3s1rsr60za9PQKI7kaJ/5G+oP3Z0N1CoB4mpy+5JHkMLTZAZZPGFlSgQ=="],

    "@openai/codex-darwin-x64": ["@openai/codex@0.142.4-darwin-x64", "https://registry.npmmirror.com/@openai/codex/-/codex-0.142.4-darwin-x64.tgz", { "os": "darwin", "cpu": "x64" }, "sha512-H9ia31pkJFtBk+UrREAfJiTUfcvgactKbG4W4SF2LFfJOTRsrsJZGtscHQ8/lLGeKEfOk/psrbSOPDyrZnxvnQ=="],

    "@openai/codex-linux-arm64": ["@openai/codex@0.142.4-linux-arm64", "https://registry.npmmirror.com/@openai/codex/-/codex-0.142.4-linux-arm64.tgz", { "os": "linux", "cpu": "arm64" }, "sha512-/bBcEm+OKmlGHH0c88jrVgYMRyaNC/hGOW/znP/PiHQEeIf4UdsUGQ7x4FAZm648140cgaeKYIBoRBbHizS+5w=="],

    "@openai/codex-linux-x64": ["@openai/codex@0.142.4-linux-x64", "https://registry.npmmirror.com/@openai/codex/-/codex-0.142.4-linux-x64.tgz", { "os": "linux", "cpu": "x64" }, "sha512-t3tNOkDdiO5/gRqkTmuMcAj5JjCbeWotOJzxV7pPkD2u2KvzVRrk7jPAjuy+85wPc12lsIupYgxHlK7CkVLOjA=="],

    "@openai/codex-sdk": ["@openai/codex-sdk@0.142.4", "https://registry.npmmirror.com/@openai/codex-sdk/-/codex-sdk-0.142.4.tgz", { "dependencies": { "@openai/codex": "0.142.4" } }, "sha512-X7wVGFroieOq09ecMzXcJznPxJ7t9zt044REbLB1oTV1aCp0XOfT9KgO3Yr/H9tyDJiZMebSw6LLiFzmDz9swg=="],

    "@openai/codex-win32-arm64": ["@openai/codex@0.142.4-win32-arm64", "https://registry.npmmirror.com/@openai/codex/-/codex-0.142.4-win32-arm64.tgz", { "os": "win32", "cpu": "arm64" }, "sha512-QBGeoYk3pmVscVIxeW21cvPJIjsnmD5dOTqMAzypXGik5soNIKHbps2Kj1LBKOjVbbx5qoDEbTwDfYmnjfqgdQ=="],

    "@openai/codex-win32-x64": ["@openai/codex@0.142.4-win32-x64", "https://registry.npmmirror.com/@openai/codex/-/codex-0.142.4-win32-x64.tgz", { "os": "win32", "cpu": "x64" }, "sha512-W0rSPT0t7FnKlJYNu9/HpHzaSOutuSSYjIVunKorYmrScXk9pQxBEhEuyn16JOtywc/2nX8nHEmWsuj2sd8suw=="],

    "@types/bun": ["@types/bun@1.3.14", "https://registry.npmmirror.com/@types/bun/-/bun-1.3.14.tgz", { "dependencies": { "bun-types": "1.3.14" } }, "sha512-h1hFqFVcvAvD9j9K7ZW7vd82aSA+rTdznZa+5bwvCwqSB1jmmfLcbIWhOLx1/+boy/xmjgCs/OMUL8hRJSmnPw=="],

    "@types/js-yaml": ["@types/js-yaml@4.0.9", "https://registry.npmmirror.com/@types/js-yaml/-/js-yaml-4.0.9.tgz", {}, "sha512-k4MGaQl5TGo/iipqb2UDG2UwjXziSWkh0uysQelTlJpX1qGlpUZYm8PnO4DxG1qBomtJUdYJ6qR6xdIah10JLg=="],

    "@types/node": ["@types/node@26.0.1", "https://registry.npmmirror.com/@types/node/-/node-26.0.1.tgz", { "dependencies": { "undici-types": "~8.3.0" } }, "sha512-fc3KiUoBt6kie0N9bIW3E47vZsuaMf0PM2AaUpLCLT0s/LvX1nxAim6Fc049cNxODPpGm6qRAuUOB86SkRuPQw=="],

    "argparse": ["argparse@2.0.1", "https://registry.npmmirror.com/argparse/-/argparse-2.0.1.tgz", {}, "sha512-8+9WqebbFzpX9OR+Wa6O29asIogeRMzcGtAINdpMHHyAg10f05aSFVBbcEqGf/PXw1EjAZ+q2/bEBg3DvurK3Q=="],

    "bun-types": ["bun-types@1.3.14", "https://registry.npmmirror.com/bun-types/-/bun-types-1.3.14.tgz", { "dependencies": { "@types/node": "*" } }, "sha512-4N0ig0fEomHt5R0KCFWjovxow98rIoRwKolrYdCcknNwMekCXRnWEUvgu5soYV8QXtVsrUD8B95MBOZGPvr6KQ=="],

    "dotenv": ["dotenv@16.6.1", "https://registry.npmmirror.com/dotenv/-/dotenv-16.6.1.tgz", {}, "sha512-uBq4egWHTcTt33a72vpSG0z3HnPuIl6NqYcTrKEg2azoEyl2hpW0zqlxysq2pK9HlDIHyHyakeYaYnSAwd8bow=="],

    "js-yaml": ["js-yaml@4.3.0", "https://registry.npmmirror.com/js-yaml/-/js-yaml-4.3.0.tgz", { "dependencies": { "argparse": "^2.0.1" }, "bin": { "js-yaml": "bin/js-yaml.js" } }, "sha512-1td788aAnnZ5qs7V2QIRl1owjtYpbKt749Y3xauqQgwIIGF/xXWz1wMTEBx5O3LK3lXLVuqXPdPxj2BoFHaW9Q=="],

    "typescript": ["typescript@5.9.3", "https://registry.npmmirror.com/typescript/-/typescript-5.9.3.tgz", { "bin": { "tsc": "bin/tsc", "tsserver": "bin/tsserver" } }, "sha512-jl1vZzPDinLr9eUt3J/t7V6FgNEw9QjvBPdysz9KfQDD41fQrC2Y4vKQdiaUpFT4bXlb1RHhLpp8wtm6M5TgSw=="],

    "undici-types": ["undici-types@8.3.0", "https://registry.npmmirror.com/undici-types/-/undici-types-8.3.0.tgz", {}, "sha512-j375ScV60dom+YkPFIfTLcOiPxkN/buHz5GobjLhixFuANaNs3C9l4GmrWqejgXWJ7BbJcFYpTEUkS1Ge8bpZQ=="],
  }
}
